
Microsoft Visual Studio Solution File, Format Version 12.00
# Visual Studio Version 16
VisualStudioVersion = 16.0.30225.117
MinimumVisualStudioVersion = 10.0.40219.1
Project("{FAE04EC0-301F-11D3-BF4B-00C04F79EFBC}") = "WpfApp1", "WpfApp1\WpfApp1.csproj", "{F4D9DEDD-6BF8-496B-81FC-3760BD9C07CC}"
EndProject
Global
	GlobalSection(SolutionConfigurationPlatforms) = preSolution
		Debug|Any CPU = Debug|Any CPU
		Release|Any CPU = Release|Any CPU
	EndGlobalSection
	GlobalSection(ProjectConfigurationPlatforms) = postSolution
		{F4D9DEDD-6BF8-496B-81FC-3760BD9C07CC}.Debug|Any CPU.ActiveCfg = Debug|Any CPU
		{F4D9DEDD-6BF8-496B-81FC-3760BD9C07CC}.Debug|Any CPU.Build.0 = Debug|Any CPU
		{F4D9DEDD-6BF8-496B-81FC-3760BD9C07CC}.Release|Any CPU.ActiveCfg = Release|Any CPU
		{F4D9DEDD-6BF8-496B-81FC-3760BD9C07CC}.Release|Any CPU.Build.0 = Release|Any CPU
	EndGlobalSection
	GlobalSection(SolutionProperties) = preSolution
		HideSolutionNode = FALSE
	EndGlobalSection
	GlobalSection(ExtensibilityGlobals) = postSolution
		SolutionGuid = {0DA44893-B643-4307-AE53-8D6AE37586D5}
	EndGlobalSection
EndGlobal
